<?xml version="1.0" encoding="utf-8"?>
<Project ToolsVersion="4.0" xmlns="http://schemas.microsoft.com/developer/msbuild/2003">
  <ItemGroup>
    <Filter Include="Common">
      <UniqueIdentifier>bed21554-da64-452e-804c-8c3c1ab5c62a</UniqueIdentifier>
    </Filter>
    <Filter Include="Assets">
      <UniqueIdentifier>28d04416-40be-45e3-934d-5858fcb1af99</UniqueIdentifier>
      <Extensions>bmp;fbx;gif;jpg;jpeg;tga;tiff;tif;png</Extensions>
    </Filter>
    <Filter Include="Content">
      <UniqueIdentifier>6257dca9-55c0-4e33-83d9-dbe5c9fb4c5f</UniqueIdentifier>
    </Filter>
    <ClInclude Include="Common\d3dx12.h">
      <Filter>Common</Filter>
    </ClInclude>
    <ClInclude Include="Common\DirectXHelper.h">
      <Filter>Common</Filter>
    </ClInclude>
    <ClInclude Include="Common\StepTimer.h">
      <Filter>Common</Filter>
    </ClInclude>
    <ClInclude Include="Common\DeviceResources.h">
      <Filter>Common</Filter>
    </ClInclude>
    <ClCompile Include="Common\DeviceResources.cpp">
      <Filter>Common</Filter>
    </ClCompile>
    <ClInclude Include="Content\Sample3DSceneRenderer.h">
      <Filter>Content</Filter>
    </ClInclude>
    <ClInclude Include="Content\ShaderStructures.h">
      <Filter>Content</Filter>
    </ClInclude>
    <ClCompile Include="Content\Sample3DSceneRenderer.cpp">
      <Filter>Content</Filter>
    </ClCompile>
    <FxCompile Include="Content\SamplePixelShader.hlsl">
      <Filter>Content</Filter>
    </FxCompile>
    <FxCompile Include="Content\SampleVertexShader.hlsl">
      <Filter>Content</Filter>
    </FxCompile>
    <Image Include="Assets\LockScreenLogo.scale-200.png">
      <Filter>Assets</Filter>
    </Image>
    <Image Include="Assets\SplashScreen.scale-200.png">
      <Filter>Assets</Filter>
    </Image>
    <Image Include="Assets\Square150x150Logo.scale-200.png">
      <Filter>Assets</Filter>
    </Image>
    <Image Include="Assets\Square44x44Logo.scale-200.png">
      <Filter>Assets</Filter>
    </Image>
    <Image Include="Assets\Square44x44Logo.targetsize-24_altform-unplated.png">
      <Filter>Assets</Filter>
    </Image>
    <Image Include="Assets\StoreLogo.png">
      <Filter>Assets</Filter>
    </Image>
    <Image Include="Assets\Wide310x150Logo.scale-200.png">
      <Filter>Assets</Filter>
    </Image>
    <Filter Include="Resources">
      <UniqueIdentifier>{c631929c-f0fa-4475-974f-ef50c5178202}</UniqueIdentifier>
    </Filter>
    <Filter Include="Resources\Objects">
      <UniqueIdentifier>{485e572e-af55-44d6-994b-c45b1e6bceb2}</UniqueIdentifier>
    </Filter>
    <Filter Include="Resources\Rendering">
      <UniqueIdentifier>{b767ecc6-526a-4ab6-b5f6-3537af7656be}</UniqueIdentifier>
    </Filter>
  </ItemGroup>
  <ItemGroup>
    <ClCompile Include="App.cpp" />
    <ClCompile Include="pch.cpp" />
    <ClCompile Include="Game.cpp" />
    <ClCompile Include="Resources\Objects\Mesh.cpp">
      <Filter>Resources\Objects</Filter>
    </ClCompile>
    <ClCompile Include="Resources\Objects\Object.cpp">
      <Filter>Resources\Objects</Filter>
    </ClCompile>
    <ClCompile Include="Resources\Rendering\Material.cpp">
      <Filter>Resources\Objects</Filter>
    </ClCompile>
  </ItemGroup>
  <ItemGroup>
    <ClInclude Include="App.h" />
    <ClInclude Include="pch.h" />
    <ClInclude Include="UIControl.h" />
    <ClInclude Include="Control.h" />
    <ClInclude Include="Constants.h" />
    <ClInclude Include="Game.h" />
    <ClInclude Include="Resources\Objects\Mesh.h">
      <Filter>Resources\Objects</Filter>
    </ClInclude>
    <ClInclude Include="Resources\Objects\Object.h">
      <Filter>Resources\Objects</Filter>
    </ClInclude>
    <ClInclude Include="Resources\Rendering\ConstantBuffers.h">
      <Filter>Resources\Rendering</Filter>
    </ClInclude>
    <ClInclude Include="Resources\Rendering\Material.h">
      <Filter>Resources\Objects</Filter>
    </ClInclude>
  </ItemGroup>
  <ItemGroup>
    <AppxManifest Include="Package.appxmanifest" />
  </ItemGroup>
</Project>